// !$*UTF8*$!
{
	archiveVersion = 1;
	classes = {
	};
	objectVersion = 50;
	objects = {

/* Begin PBXBuildFile section */
		ECB9DE46262193330071FFD8 /* AppDelegate.swift in Sources */ = {isa = PBXBuildFile; fileRef = ECB9DE45262193330071FFD8 /* AppDelegate.swift */; };
		ECB9DE48262193330071FFD8 /* SceneDelegate.swift in Sources */ = {isa = PBXBuildFile; fileRef = ECB9DE47262193330071FFD8 /* SceneDelegate.swift */; };
		ECB9DE4A262193330071FFD8 /* ViewController.swift in Sources */ = {isa = PBXBuildFile; fileRef = ECB9DE49262193330071FFD8 /* ViewController.swift */; };
		ECB9DE4D262193330071FFD8 /* Main.storyboard in Resources */ = {isa = PBXBuildFile; fileRef = ECB9DE4B262193330071FFD8 /* Main.storyboard */; };
		ECB9DE4F262193340071FFD8 /* Assets.xcassets in Resources */ = {isa = PBXBuildFile; fileRef = ECB9DE4E262193340071FFD8 /* Assets.xcassets */; };
		ECB9DE52262193340071FFD8 /* LaunchScreen.storyboard in Resources */ = {isa = PBXBuildFile; fileRef = ECB9DE50262193340071FFD8 /* LaunchScreen.storyboard */; };
		ECB9DE5D262193340071FFD8 /* citrusTests.swift in Sources */ = {isa = PBXBuildFile; fileRef = ECB9DE5C262193340071FFD8 /* citrusTests.swift */; };
		ECB9DE68262193340071FFD8 /* citrusUITests.swift in Sources */ = {isa = PBXBuildFile; fileRef = ECB9DE67262193340071FFD8 /* citrusUITests.swift */; };
		ECB9DE7F26219B3E0071FFD8 /* Launch Screen.storyboard in Resources */ = {isa = PBXBuildFile; fileRef = ECB9DE7E26219B3E0071FFD8 /* Launch Screen.storyboard */; };
/* End PBXBuildFile section */

/* Begin PBXContainerItemProxy section */
		ECB9DE59262193340071FFD8 /* PBXContainerItemProxy */ = {
			isa = PBXContainerItemProxy;
			containerPortal = ECB9DE3A262193330071FFD8 /* Project object */;
			proxyType = 1;
			remoteGlobalIDString = ECB9DE41262193330071FFD8;
			remoteInfo = citrus;
		};
		ECB9DE64262193340071FFD8 /* PBXContainerItemProxy */ = {
			isa = PBXContainerItemProxy;
			containerPortal = ECB9DE3A262193330071FFD8 /* Project object */;
			proxyType = 1;
			remoteGlobalIDString = ECB9DE41262193330071FFD8;
			remoteInfo = citrus;
		};
/* End PBXContainerItemProxy section */

/* Begin PBXFileReference section */
		ECB9DE42262193330071FFD8 /* citrus.app */ = {isa = PBXFileReference; explicitFileType = wrapper.application; includeInIndex = 0; path = citrus.app; sourceTree = BUILT_PRODUCTS_DIR; };
		ECB9DE45262193330071FFD8 /* AppDelegate.swift */ = {isa = PBXFileReference; lastKnownFileType = sourcecode.swift; path = AppDelegate.swift; sourceTree = "<group>"; };
		ECB9DE47262193330071FFD8 /* SceneDelegate.swift */ = {isa = PBXFileReference; lastKnownFileType = sourcecode.swift; path = SceneDelegate.swift; sourceTree = "<group>"; };
		ECB9DE49262193330071FFD8 /* ViewController.swift */ = {isa = PBXFileReference; lastKnownFileType = sourcecode.swift; path = ViewController.swift; sourceTree = "<group>"; };
		ECB9DE4C262193330071FFD8 /* Base */ = {isa = PBXFileReference; lastKnownFileType = file.storyboard; name = Base; path = Base.lproj/Main.storyboard; sourceTree = "<group>"; };
		ECB9DE4E262193340071FFD8 /* Assets.xcassets */ = {isa = PBXFileReference; lastKnownFileType = folder.assetcatalog; path = Assets.xcassets; sourceTree = "<group>"; };
		ECB9DE51262193340071FFD8 /* Base */ = {isa = PBXFileReference; lastKnownFileType = file.storyboard; name = Base; path = Base.lproj/LaunchScreen.storyboard; sourceTree = "<group>"; };
		ECB9DE53262193340071FFD8 /* Info.plist */ = {isa = PBXFileReference; lastKnownFileType = text.plist.xml; path = Info.plist; sourceTree = "<group>"; };
		ECB9DE58262193340071FFD8 /* citrusTests.xctest */ = {isa = PBXFileReference; explicitFileType = wrapper.cfbundle; includeInIndex = 0; path = citrusTests.xctest; sourceTree = BUILT_PRODUCTS_DIR; };
		ECB9DE5C262193340071FFD8 /* citrusTests.swift */ = {isa = PBXFileReference; lastKnownFileType = sourcecode.swift; path = citrusTests.swift; sourceTree = "<group>"; };
		ECB9DE5E262193340071FFD8 /* Info.plist */ = {isa = PBXFileReference; lastKnownFileType = text.plist.xml; path = Info.plist; sourceTree = "<group>"; };
		ECB9DE63262193340071FFD8 /* citrusUITests.xctest */ = {isa = PBXFileReference; explicitFileType = wrapper.cfbundle; includeInIndex = 0; path = citrusUITests.xctest; sourceTree = BUILT_PRODUCTS_DIR; };
		ECB9DE67262193340071FFD8 /* citrusUITests.swift */ = {isa = PBXFileReference; lastKnownFileType = sourcecode.swift; path = citrusUITests.swift; sourceTree = "<group>"; };
		ECB9DE69262193340071FFD8 /* Info.plist */ = {isa = PBXFileReference; lastKnownFileType = text.plist.xml; path = Info.plist; sourceTree = "<group>"; };
		ECB9DE7E26219B3E0071FFD8 /* Launch Screen.storyboard */ = {isa = PBXFileReference; lastKnownFileType = file.storyboard; path = "Launch Screen.storyboard"; sourceTree = "<group>"; };
/* End PBXFileReference section */

/* Begin PBXFrameworksBuildPhase section */
		ECB9DE3F262193330071FFD8 /* Frameworks */ = {
			isa = PBXFrameworksBuildPhase;
			buildActionMask = 2147483647;
			files = (
			);
			runOnlyForDeploymentPostprocessing = 0;
		};
		ECB9DE55262193340071FFD8 /* Frameworks */ = {
			isa = PBXFrameworksBuildPhase;
			buildActionMask = 2147483647;
			files = (
			);
			runOnlyForDeploymentPostprocessing = 0;
		};
		ECB9DE60262193340071FFD8 /* Frameworks */ = {
			isa = PBXFrameworksBuildPhase;
			buildActionMask = 2147483647;
			files = (
			);
			runOnlyForDeploymentPostprocessing = 0;
		};
/* End PBXFrameworksBuildPhase section */

/* Begin PBXGroup section */
		ECB9DE39262193330071FFD8 = {
			isa = PBXGroup;
			children = (
				ECB9DE44262193330071FFD8 /* citrus */,
				ECB9DE5B262193340071FFD8 /* citrusTests */,
				ECB9DE66262193340071FFD8 /* citrusUITests */,
				ECB9DE43262193330071FFD8 /* Products */,
			);
			sourceTree = "<group>";
		};
		ECB9DE43262193330071FFD8 /* Products */ = {
			isa = PBXGroup;
			children = (
				ECB9DE42262193330071FFD8 /* citrus.app */,
				ECB9DE58262193340071FFD8 /* citrusTests.xctest */,
				ECB9DE63262193340071FFD8 /* citrusUITests.xctest */,
			);
			name = Products;
			sourceTree = "<group>";
		};
		ECB9DE44262193330071FFD8 /* citrus */ = {
			isa = PBXGroup;
			children = (
				ECB9DE45262193330071FFD8 /* AppDelegate.swift */,
				ECB9DE47262193330071FFD8 /* SceneDelegate.swift */,
				ECB9DE49262193330071FFD8 /* ViewController.swift */,
				ECB9DE7E26219B3E0071FFD8 /* Launch Screen.storyboard */,
				ECB9DE4B262193330071FFD8 /* Main.storyboard */,
				ECB9DE4E262193340071FFD8 /* Assets.xcassets */,
				ECB9DE50262193340071FFD8 /* LaunchScreen.storyboard */,
				ECB9DE53262193340071FFD8 /* Info.plist */,
			);
			path = citrus;
			sourceTree = "<group>";
		};
		ECB9DE5B262193340071FFD8 /* citrusTests */ = {
			isa = PBXGroup;
			children = (
				ECB9DE5C262193340071FFD8 /* citrusTests.swift */,
				ECB9DE5E262193340071FFD8 /* Info.plist */,
			);
			path = citrusTests;
			sourceTree = "<group>";
		};
		ECB9DE66262193340071FFD8 /* citrusUITests */ = {
			isa = PBXGroup;
			children = (
				ECB9DE67262193340071FFD8 /* citrusUITests.swift */,
				ECB9DE69262193340071FFD8 /* Info.plist */,
			);
			path = citrusUITests;
			sourceTree = "<group>";
		};
/* End PBXGroup section */

/* Begin PBXNativeTarget section */
		ECB9DE41262193330071FFD8 /* citrus */ = {
			isa = PBXNativeTarget;
			buildConfigurationList = ECB9DE6C262193340071FFD8 /* Build configuration list for PBXNativeTarget "citrus" */;
			buildPhases = (
				ECB9DE3E262193330071FFD8 /* Sources */,
				ECB9DE3F262193330071FFD8 /* Frameworks */,
				ECB9DE40262193330071FFD8 /* Resources */,
			);
			buildRules = (
			);
			dependencies = (
			);
			name = citrus;
			productName = citrus;
			productReference = ECB9DE42262193330071FFD8 /* citrus.app */;
			productType = "com.apple.product-type.application";
		};
		ECB9DE57262193340071FFD8 /* citrusTests */ = {
			isa = PBXNativeTarget;
			buildConfigurationList = ECB9DE6F262193340071FFD8 /* Build configuration list for PBXNativeTarget "citrusTests" */;
			buildPhases = (
				ECB9DE54262193340071FFD8 /* Sources */,
				ECB9DE55262193340071FFD8 /* Frameworks */,
				ECB9DE56262193340071FFD8 /* Resources */,
			);
			buildRules = (
			);
			dependencies = (
				ECB9DE5A262193340071FFD8 /* PBXTargetDependency */,
			);
			name = citrusTests;
			productName = citrusTests;
			productReference = ECB9DE58262193340071FFD8 /* citrusTests.xctest */;
			productType = "com.apple.product-type.bundle.unit-test";
		};
		ECB9DE62262193340071FFD8 /* citrusUITests */ = {
			isa = PBXNativeTarget;
			buildConfigurationList = ECB9DE72262193340071FFD8 /* Build configuration list for PBXNativeTarget "citrusUITests" */;
			buildPhases = (
				ECB9DE5F262193340071FFD8 /* Sources */,
				ECB9DE60262193340071FFD8 /* Frameworks */,
				ECB9DE61262193340071FFD8 /* Resources */,
			);
			buildRules = (
			);
			dependencies = (
				ECB9DE65262193340071FFD8 /* PBXTargetDependency */,
			);
			name = citrusUITests;
			productName = citrusUITests;
			productReference = ECB9DE63262193340071FFD8 /* citrusUITests.xctest */;
			productType = "com.apple.product-type.bundle.ui-testing";
		};
/* End PBXNativeTarget section */

/* Begin PBXProject section */
		ECB9DE3A262193330071FFD8 /* Project object */ = {
			isa = PBXProject;
			attributes = {
				LastSwiftUpdateCheck = 1240;
				LastUpgradeCheck = 1240;
				TargetAttributes = {
					ECB9DE41262193330071FFD8 = {
						CreatedOnToolsVersion = 12.4;
					};
					ECB9DE57262193340071FFD8 = {
						CreatedOnToolsVersion = 12.4;
						TestTargetID = ECB9DE41262193330071FFD8;
					};
					ECB9DE62262193340071FFD8 = {
						CreatedOnToolsVersion = 12.4;
						TestTargetID = ECB9DE41262193330071FFD8;
					};
				};
			};
			buildConfigurationList = ECB9DE3D262193330071FFD8 /* Build configuration list for PBXProject "citrus" */;
			compatibilityVersion = "Xcode 9.3";
			developmentRegion = en;
			hasScannedForEncodings = 0;
			knownRegions = (
				en,
				Base,
			);
			mainGroup = ECB9DE39262193330071FFD8;
			productRefGroup = ECB9DE43262193330071FFD8 /* Products */;
			projectDirPath = "";
			projectRoot = "";
			targets = (
				ECB9DE41262193330071FFD8 /* citrus */,
				ECB9DE57262193340071FFD8 /* citrusTests */,
				ECB9DE62262193340071FFD8 /* citrusUITests */,
			);
		};
/* End PBXProject section */

/* Begin PBXResourcesBuildPhase section */
		ECB9DE40262193330071FFD8 /* Resources */ = {
			isa = PBXResourcesBuildPhase;
			buildActionMask = 2147483647;
			files = (
				ECB9DE52262193340071FFD8 /* LaunchScreen.storyboard in Resources */,
				ECB9DE4F262193340071FFD8 /* Assets.xcassets in Resources */,
				ECB9DE7F26219B3E0071FFD8 /* Launch Screen.storyboard in Resources */,
				ECB9DE4D262193330071FFD8 /* Main.storyboard in Resources */,
			);
			runOnlyForDeploymentPostprocessing = 0;
		};
		ECB9DE56262193340071FFD8 /* Resources */ = {
			isa = PBXResourcesBuildPhase;
			buildActionMask = 2147483647;
			files = (
			);
			runOnlyForDeploymentPostprocessing = 0;
		};
		ECB9DE61262193340071FFD8 /* Resources */ = {
			isa = PBXResourcesBuildPhase;
			buildActionMask = 2147483647;
			files = (
			);
			runOnlyForDeploymentPostprocessing = 0;
		};
/* End PBXResourcesBuildPhase section */

/* Begin PBXSourcesBuildPhase section */
		ECB9DE3E262193330071FFD8 /* Sources */ = {
			isa = PBXSourcesBuildPhase;
			buildActionMask = 2147483647;
			files = (
				ECB9DE4A262193330071FFD8 /* ViewController.swift in Sources */,
				ECB9DE46262193330071FFD8 /* AppDelegate.swift in Sources */,
				ECB9DE48262193330071FFD8 /* SceneDelegate.swift in Sources */,
			);
			runOnlyForDeploymentPostprocessing = 0;
		};
		ECB9DE54262193340071FFD8 /* Sources */ = {
			isa = PBXSourcesBuildPhase;
			buildActionMask = 2147483647;
			files = (
				ECB9DE5D262193340071FFD8 /* citrusTests.swift in Sources */,
			);
			runOnlyForDeploymentPostprocessing = 0;
		};
		ECB9DE5F262193340071FFD8 /* Sources */ = {
			isa = PBXSourcesBuildPhase;
			buildActionMask = 2147483647;
			files = (
				ECB9DE68262193340071FFD8 /* citrusUITests.swift in Sources */,
			);
			runOnlyForDeploymentPostprocessing = 0;
		};
/* End PBXSourcesBuildPhase section */

/* Begin PBXTargetDependency section */
		ECB9DE5A262193340071FFD8 /* PBXTargetDependency */ = {
			isa = PBXTargetDependency;
			target = ECB9DE41262193330071FFD8 /* citrus */;
			targetProxy = ECB9DE59262193340071FFD8 /* PBXContainerItemProxy */;
		};
		ECB9DE65262193340071FFD8 /* PBXTargetDependency */ = {
			isa = PBXTargetDependency;
			target = ECB9DE41262193330071FFD8 /* citrus */;
			targetProxy = ECB9DE64262193340071FFD8 /* PBXContainerItemProxy */;
		};
/* End PBXTargetDependency section */

/* Begin PBXVariantGroup section */
		ECB9DE4B262193330071FFD8 /* Main.storyboard */ = {
			isa = PBXVariantGroup;
			children = (
				ECB9DE4C262193330071FFD8 /* Base */,
			);
			name = Main.storyboard;
			sourceTree = "<group>";
		};
		ECB9DE50262193340071FFD8 /* LaunchScreen.storyboard */ = {
			isa = PBXVariantGroup;
			children = (
				ECB9DE51262193340071FFD8 /* Base */,
			);
			name = LaunchScreen.storyboard;
			sourceTree = "<group>";
		};
/* End PBXVariantGroup section */

/* Begin XCBuildConfiguration section */
		ECB9DE6A262193340071FFD8 /* Debug */ = {
			isa = XCBuildConfiguration;
			buildSettings = {
				ALWAYS_SEARCH_USER_PATHS = NO;
				CLANG_ANALYZER_NONNULL = YES;
				CLANG_ANALYZER_NUMBER_OBJECT_CONVERSION = YES_AGGRESSIVE;
				CLANG_CXX_LANGUAGE_STANDARD = "gnu++14";
				CLANG_CXX_LIBRARY = "libc++";
				CLANG_ENABLE_MODULES = YES;
				CLANG_ENABLE_OBJC_ARC = YES;
				CLANG_ENABLE_OBJC_WEAK = YES;
				CLANG_WARN_BLOCK_CAPTURE_AUTORELEASING = YES;
				CLANG_WARN_BOOL_CONVERSION = YES;
				CLANG_WARN_COMMA = YES;
				CLANG_WARN_CONSTANT_CONVERSION = YES;
				CLANG_WARN_DEPRECATED_OBJC_IMPLEMENTATIONS = YES;
				CLANG_WARN_DIRECT_OBJC_ISA_USAGE = YES_ERROR;
				CLANG_WARN_DOCUMENTATION_COMMENTS = YES;
				CLANG_WARN_EMPTY_BODY = YES;
				CLANG_WARN_ENUM_CONVERSION = YES;
				CLANG_WARN_INFINITE_RECURSION = YES;
				CLANG_WARN_INT_CONVERSION = YES;
				CLANG_WARN_NON_LITERAL_NULL_CONVERSION = YES;
				CLANG_WARN_OBJC_IMPLICIT_RETAIN_SELF = YES;
				CLANG_WARN_OBJC_LITERAL_CONVERSION = YES;
				CLANG_WARN_OBJC_ROOT_CLASS = YES_ERROR;
				CLANG_WARN_QUOTED_INCLUDE_IN_FRAMEWORK_HEADER = YES;
				CLANG_WARN_RANGE_LOOP_ANALYSIS = YES;
				CLANG_WARN_STRICT_PROTOTYPES = YES;
				CLANG_WARN_SUSPICIOUS_MOVE = YES;
				CLANG_WARN_UNGUARDED_AVAILABILITY = YES_AGGRESSIVE;
				CLANG_WARN_UNREACHABLE_CODE = YES;
				CLANG_WARN__DUPLICATE_METHOD_MATCH = YES;
				COPY_PHASE_STRIP = NO;
				DEBUG_INFORMATION_FORMAT = dwarf;
				ENABLE_STRICT_OBJC_MSGSEND = YES;
				ENABLE_TESTABILITY = YES;
				GCC_C_LANGUAGE_STANDARD = gnu11;
				GCC_DYNAMIC_NO_PIC = NO;
				GCC_NO_COMMON_BLOCKS = YES;
				GCC_OPTIMIZATION_LEVEL = 0;
				GCC_PREPROCESSOR_DEFINITIONS = (
					"DEBUG=1",
					"$(inherited)",
				);
				GCC_WARN_64_TO_32_BIT_CONVERSION = YES;
				GCC_WARN_ABOUT_RETURN_TYPE = YES_ERROR;
				GCC_WARN_UNDECLARED_SELECTOR = YES;
				GCC_WARN_UNINITIALIZED_AUTOS = YES_AGGRESSIVE;
				GCC_WARN_UNUSED_FUNCTION = YES;
				GCC_WARN_UNUSED_VARIABLE = YES;
				IPHONEOS_DEPLOYMENT_TARGET = 14.4;
				MTL_ENABLE_DEBUG_INFO = INCLUDE_SOURCE;
				MTL_FAST_MATH = YES;
				ONLY_ACTIVE_ARCH = YES;
				SDKROOT = iphoneos;
				SWIFT_ACTIVE_COMPILATION_CONDITIONS = DEBUG;
				SWIFT_OPTIMIZATION_LEVEL = "-Onone";
			};
			name = Debug;
		};
		ECB9DE6B262193340071FFD8 /* Release */ = {
			isa = XCBuildConfiguration;
			buildSettings = {
				ALWAYS_SEARCH_USER_PATHS = NO;
				CLANG_ANALYZER_NONNULL = YES;
				CLANG_ANALYZER_NUMBER_OBJECT_CONVERSION = YES_AGGRESSIVE;
				CLANG_CXX_LANGUAGE_STANDARD = "gnu++14";
				CLANG_CXX_LIBRARY = "libc++";
				CLANG_ENABLE_MODULES = YES;
				CLANG_ENABLE_OBJC_ARC = YES;
				CLANG_ENABLE_OBJC_WEAK = YES;
				CLANG_WARN_BLOCK_CAPTURE_AUTORELEASING = YES;
				CLANG_WARN_BOOL_CONVERSION = YES;
				CLANG_WARN_COMMA = YES;
				CLANG_WARN_CONSTANT_CONVERSION = YES;
				CLANG_WARN_DEPRECATED_OBJC_IMPLEMENTATIONS = YES;
				CLANG_WARN_DIRECT_OBJC_ISA_USAGE = YES_ERROR;
				CLANG_WARN_DOCUMENTATION_COMMENTS = YES;
				CLANG_WARN_EMPTY_BODY = YES;
				CLANG_WARN_ENUM_CONVERSION = YES;
				CLANG_WARN_INFINITE_RECURSION = YES;
				CLANG_WARN_INT_CONVERSION = YES;
				CLANG_WARN_NON_LITERAL_NULL_CONVERSION = YES;
				CLANG_WARN_OBJC_IMPLICIT_RETAIN_SELF = YES;
				CLANG_WARN_OBJC_LITERAL_CONVERSION = YES;
				CLANG_WARN_OBJC_ROOT_CLASS = YES_ERROR;
				CLANG_WARN_QUOTED_INCLUDE_IN_FRAMEWORK_HEADER = YES;
				CLANG_WARN_RANGE_LOOP_ANALYSIS = YES;
				CLANG_WARN_STRICT_PROTOTYPES = YES;
				CLANG_WARN_SUSPICIOUS_MOVE = YES;
				CLANG_WARN_UNGUARDED_AVAILABILITY = YES_AGGRESSIVE;
				CLANG_WARN_UNREACHABLE_CODE = YES;
				CLANG_WARN__DUPLICATE_METHOD_MATCH = YES;
				COPY_PHASE_STRIP = NO;
				DEBUG_INFORMATION_FORMAT = "dwarf-with-dsym";
				ENABLE_NS_ASSERTIONS = NO;
				ENABLE_STRICT_OBJC_MSGSEND = YES;
				GCC_C_LANGUAGE_STANDARD = gnu11;
				GCC_NO_COMMON_BLOCKS = YES;
				GCC_WARN_64_TO_32_BIT_CONVERSION = YES;
				GCC_WARN_ABOUT_RETURN_TYPE = YES_ERROR;
				GCC_WARN_UNDECLARED_SELECTOR = YES;
				GCC_WARN_UNINITIALIZED_AUTOS = YES_AGGRESSIVE;
				GCC_WARN_UNUSED_FUNCTION = YES;
				GCC_WARN_UNUSED_VARIABLE = YES;
				IPHONEOS_DEPLOYMENT_TARGET = 14.4;
				MTL_ENABLE_DEBUG_INFO = NO;
				MTL_FAST_MATH = YES;
				SDKROOT = iphoneos;
				SWIFT_COMPILATION_MODE = wholemodule;
				SWIFT_OPTIMIZATION_LEVEL = "-O";
				VALIDATE_PRODUCT = YES;
			};
			name = Release;
		};
		ECB9DE6D262193340071FFD8 /* Debug */ = {
			isa = XCBuildConfiguration;
			buildSettings = {
				ASSETCATALOG_COMPILER_APPICON_NAME = AppIcon;
				ASSETCATALOG_COMPILER_GLOBAL_ACCENT_COLOR_NAME = AccentColor;
				CODE_SIGN_STYLE = Automatic;
				INFOPLIST_FILE = citrus/Info.plist;
				IPHONEOS_DEPLOYMENT_TARGET = 13.0;
				LD_RUNPATH_SEARCH_PATHS = (
					"$(inherited)",
					"@executable_path/Frameworks",
				);
				PRODUCT_BUNDLE_IDENTIFIER = ricardo.citrus;
				PRODUCT_NAME = "$(TARGET_NAME)";
				SWIFT_VERSION = 5.0;
				TARGETED_DEVICE_FAMILY = 1;
			};
			name = Debug;
		};
		ECB9DE6E262193340071FFD8 /* Release */ = {
			isa = XCBuildConfiguration;
			buildSettings = {
				ASSETCATALOG_COMPILER_APPICON_NAME = AppIcon;
				ASSETCATALOG_COMPILER_GLOBAL_ACCENT_COLOR_NAME = AccentColor;
				CODE_SIGN_STYLE = Automatic;
				INFOPLIST_FILE = citrus/Info.plist;
				IPHONEOS_DEPLOYMENT_TARGET = 13.0;
				LD_RUNPATH_SEARCH_PATHS = (
					"$(inherited)",
					"@executable_path/Frameworks",
				);
				PRODUCT_BUNDLE_IDENTIFIER = ricardo.citrus;
				PRODUCT_NAME = "$(TARGET_NAME)";
				SWIFT_VERSION = 5.0;
				TARGETED_DEVICE_FAMILY = 1;
			};
			name = Release;
		};
		ECB9DE70262193340071FFD8 /* Debug */ = {
			isa = XCBuildConfiguration;
			buildSettings = {
				ALWAYS_EMBED_SWIFT_STANDARD_LIBRARIES = YES;
				BUNDLE_LOADER = "$(TEST_HOST)";
				CODE_SIGN_STYLE = Automatic;
				INFOPLIST_FILE = citrusTests/Info.plist;
				IPHONEOS_DEPLOYMENT_TARGET = 14.4;
				LD_RUNPATH_SEARCH_PATHS = (
					"$(inherited)",
					"@executable_path/Frameworks",
					"@loader_path/Frameworks",
				);
				PRODUCT_BUNDLE_IDENTIFIER = ricardo.citrusTests;
				PRODUCT_NAME = "$(TARGET_NAME)";
				SWIFT_VERSION = 5.0;
				TARGETED_DEVICE_FAMILY = "1,2";
				TEST_HOST = "$(BUILT_PRODUCTS_DIR)/citrus.app/citrus";
			};
			name = Debug;
		};
		ECB9DE71262193340071FFD8 /* Release */ = {
			isa = XCBuildConfiguration;
			buildSettings = {
				ALWAYS_EMBED_SWIFT_STANDARD_LIBRARIES = YES;
				BUNDLE_LOADER = "$(TEST_HOST)";
				CODE_SIGN_STYLE = Automatic;
				INFOPLIST_FILE = citrusTests/Info.plist;
				IPHONEOS_DEPLOYMENT_TARGET = 14.4;
				LD_RUNPATH_SEARCH_PATHS = (
					"$(inherited)",
					"@executable_path/Frameworks",
					"@loader_path/Frameworks",
				);
				PRODUCT_BUNDLE_IDENTIFIER = ricardo.citrusTests;
				PRODUCT_NAME = "$(TARGET_NAME)";
				SWIFT_VERSION = 5.0;
				TARGETED_DEVICE_FAMILY = "1,2";
				TEST_HOST = "$(BUILT_PRODUCTS_DIR)/citrus.app/citrus";
			};
			name = Release;
		};
		ECB9DE73262193340071FFD8 /* Debug */ = {
			isa = XCBuildConfiguration;
			buildSettings = {
				ALWAYS_EMBED_SWIFT_STANDARD_LIBRARIES = YES;
				CODE_SIGN_STYLE = Automatic;
				INFOPLIST_FILE = citrusUITests/Info.plist;
				LD_RUNPATH_SEARCH_PATHS = (
					"$(inherited)",
					"@executable_path/Frameworks",
					"@loader_path/Frameworks",
				);
				PRODUCT_BUNDLE_IDENTIFIER = ricardo.citrusUITests;
				PRODUCT_NAME = "$(TARGET_NAME)";
				SWIFT_VERSION = 5.0;
				TARGETED_DEVICE_FAMILY = "1,2";
				TEST_TARGET_NAME = citrus;
			};
			name = Debug;
		};
		ECB9DE74262193340071FFD8 /* Release */ = {
			isa = XCBuildConfiguration;
			buildSettings = {
				ALWAYS_EMBED_SWIFT_STANDARD_LIBRARIES = YES;
				CODE_SIGN_STYLE = Automatic;
				INFOPLIST_FILE = citrusUITests/Info.plist;
				LD_RUNPATH_SEARCH_PATHS = (
					"$(inherited)",
					"@executable_path/Frameworks",
					"@loader_path/Frameworks",
				);
				PRODUCT_BUNDLE_IDENTIFIER = ricardo.citrusUITests;
				PRODUCT_NAME = "$(TARGET_NAME)";
				SWIFT_VERSION = 5.0;
				TARGETED_DEVICE_FAMILY = "1,2";
				TEST_TARGET_NAME = citrus;
			};
			name = Release;
		};
/* End XCBuildConfiguration section */

/* Begin XCConfigurationList section */
		ECB9DE3D262193330071FFD8 /* Build configuration list for PBXProject "citrus" */ = {
			isa = XCConfigurationList;
			buildConfigurations = (
				ECB9DE6A262193340071FFD8 /* Debug */,
				ECB9DE6B262193340071FFD8 /* Release */,
			);
			defaultConfigurationIsVisible = 0;
			defaultConfigurationName = Release;
		};
		ECB9DE6C262193340071FFD8 /* Build configuration list for PBXNativeTarget "citrus" */ = {
			isa = XCConfigurationList;
			buildConfigurations = (
				ECB9DE6D262193340071FFD8 /* Debug */,
				ECB9DE6E262193340071FFD8 /* Release */,
			);
			defaultConfigurationIsVisible = 0;
			defaultConfigurationName = Release;
		};
		ECB9DE6F262193340071FFD8 /* Build configuration list for PBXNativeTarget "citrusTests" */ = {
			isa = XCConfigurationList;
			buildConfigurations = (
				ECB9DE70262193340071FFD8 /* Debug */,
				ECB9DE71262193340071FFD8 /* Release */,
			);
			defaultConfigurationIsVisible = 0;
			defaultConfigurationName = Release;
		};
		ECB9DE72262193340071FFD8 /* Build configuration list for PBXNativeTarget "citrusUITests" */ = {
			isa = XCConfigurationList;
			buildConfigurations = (
				ECB9DE73262193340071FFD8 /* Debug */,
				ECB9DE74262193340071FFD8 /* Release */,
			);
			defaultConfigurationIsVisible = 0;
			defaultConfigurationName = Release;
		};
/* End XCConfigurationList section */
	};
	rootObject = ECB9DE3A262193330071FFD8 /* Project object */;
}
